
Microsoft Visual Studio Solution File, Format Version 12.00
# Visual Studio Version 17
VisualStudioVersion = 17.7.34221.43
MinimumVisualStudioVersion = 10.0.40219.1
Project("{FAE04EC0-301F-11D3-BF4B-00C04F79EFBC}") = "Shop", "Shop.csproj", "{7C7DB518-ED5B-4CB7-8976-58B30A331736}"
EndProject
Global
	GlobalSection(SolutionConfigurationPlatforms) = preSolution
		Debug|Any CPU = Debug|Any CPU
		Release|Any CPU = Release|Any CPU
	EndGlobalSection
	GlobalSection(ProjectConfigurationPlatforms) = postSolution
		{7C7DB518-ED5B-4CB7-8976-58B30A331736}.Debug|Any CPU.ActiveCfg = Debug|Any CPU
		{7C7DB518-ED5B-4CB7-8976-58B30A331736}.Debug|Any CPU.Build.0 = Debug|Any CPU
		{7C7DB518-ED5B-4CB7-8976-58B30A331736}.Release|Any CPU.ActiveCfg = Release|Any CPU
		{7C7DB518-ED5B-4CB7-8976-58B30A331736}.Release|Any CPU.Build.0 = Release|Any CPU
	EndGlobalSection
	GlobalSection(SolutionProperties) = preSolution
		HideSolutionNode = FALSE
	EndGlobalSection
	GlobalSection(ExtensibilityGlobals) = postSolution
		SolutionGuid = {C72DA266-CC43-4A39-84AF-C2EF657BF908}
	EndGlobalSection
EndGlobal
